// !$*UTF8*$!
{
	archiveVersion = 1;
	classes = {
	};
	objectVersion = 46;
	objects = {

/* Begin PBXFileReference section */
		B2E07E9D1ECC70A000FCDFF8 /* ArbovirusSimulator.cpp */ = {isa = PBXFileReference; lastKnownFileType = sourcecode.cpp.cpp; path = ArbovirusSimulator.cpp; sourceTree = "<group>"; };
		B2E07E9E1ECC70A000FCDFF8 /* ArbovirusSimulator.hpp */ = {isa = PBXFileReference; lastKnownFileType = sourcecode.cpp.h; path = ArbovirusSimulator.hpp; sourceTree = "<group>"; };
/* End PBXFileReference section */

/* Begin PBXGroup section */
		B2E07E961ECC6FE700FCDFF8 = {
			isa = PBXGroup;
			children = (
				B2E07E9D1ECC70A000FCDFF8 /* ArbovirusSimulator.cpp */,
				B2E07E9E1ECC70A000FCDFF8 /* ArbovirusSimulator.hpp */,
			);
			sourceTree = "<group>";
		};
/* End PBXGroup section */

/* Begin PBXProject section */
		B2E07E971ECC6FE700FCDFF8 /* Project object */ = {
			isa = PBXProject;
			attributes = {
				LastUpgradeCheck = 0830;
			};
			buildConfigurationList = B2E07E9A1ECC6FE700FCDFF8 /* Build configuration list for PBXProject "zika" */;
			compatibilityVersion = "Xcode 3.2";
			developmentRegion = English;
			hasScannedForEncodings = 0;
			knownRegions = (
				en,
			);
			mainGroup = B2E07E961ECC6FE700FCDFF8;
			projectDirPath = "";
			projectRoot = "";
			targets = (
			);
		};
/* End PBXProject section */

/* Begin XCBuildConfiguration section */
		B2E07E9B1ECC6FE700FCDFF8 /* Debug */ = {
			isa = XCBuildConfiguration;
			buildSettings = {
			};
			name = Debug;
		};
		B2E07E9C1ECC6FE700FCDFF8 /* Release */ = {
			isa = XCBuildConfiguration;
			buildSettings = {
			};
			name = Release;
		};
/* End XCBuildConfiguration section */

/* Begin XCConfigurationList section */
		B2E07E9A1ECC6FE700FCDFF8 /* Build configuration list for PBXProject "zika" */ = {
			isa = XCConfigurationList;
			buildConfigurations = (
				B2E07E9B1ECC6FE700FCDFF8 /* Debug */,
				B2E07E9C1ECC6FE700FCDFF8 /* Release */,
			);
			defaultConfigurationIsVisible = 0;
			defaultConfigurationName = Release;
		};
/* End XCConfigurationList section */
	};
	rootObject = B2E07E971ECC6FE700FCDFF8 /* Project object */;
}
